// !$*UTF8*$!
{
	archiveVersion = 1;
	classes = {
	};
	objectVersion = 46;
	objects = {

/* Begin PBXBuildFile section */
		79F46ED41AE10A1B000AC781 /* main.m in Sources */ = {isa = PBXBuildFile; fileRef = 79F46ED31AE10A1B000AC781 /* main.m */; };
		79F46ED71AE10A1B000AC781 /* AppDelegate.m in Sources */ = {isa = PBXBuildFile; fileRef = 79F46ED61AE10A1B000AC781 /* AppDelegate.m */; };
		79F46EDA1AE10A1B000AC781 /* ViewController.m in Sources */ = {isa = PBXBuildFile; fileRef = 79F46ED91AE10A1B000AC781 /* ViewController.m */; };
		79F46EDD1AE10A1B000AC781 /* Main.storyboard in Resources */ = {isa = PBXBuildFile; fileRef = 79F46EDB1AE10A1B000AC781 /* Main.storyboard */; };
		79F46EDF1AE10A1B000AC781 /* Images.xcassets in Resources */ = {isa = PBXBuildFile; fileRef = 79F46EDE1AE10A1B000AC781 /* Images.xcassets */; };
		79F46EE21AE10A1B000AC781 /* LaunchScreen.xib in Resources */ = {isa = PBXBuildFile; fileRef = 79F46EE01AE10A1B000AC781 /* LaunchScreen.xib */; };
		79F46EEE1AE10A1B000AC781 /* WeChatAndQQLoginDemoTests.m in Sources */ = {isa = PBXBuildFile; fileRef = 79F46EED1AE10A1B000AC781 /* WeChatAndQQLoginDemoTests.m */; };
		79F46F201AE132C9000AC781 /* libSocialQQ.a in Frameworks */ = {isa = PBXBuildFile; fileRef = 79F46EFB1AE132C9000AC781 /* libSocialQQ.a */; };
		79F46F211AE132C9000AC781 /* TencentOpenAPI.framework in Frameworks */ = {isa = PBXBuildFile; fileRef = 79F46EFC1AE132C9000AC781 /* TencentOpenAPI.framework */; };
		79F46F221AE132C9000AC781 /* TencentOpenApi_IOS_Bundle.bundle in Resources */ = {isa = PBXBuildFile; fileRef = 79F46EFD1AE132C9000AC781 /* TencentOpenApi_IOS_Bundle.bundle */; };
		79F46F231AE132C9000AC781 /* UMSocialLocalizable.strings in Resources */ = {isa = PBXBuildFile; fileRef = 79F46F001AE132C9000AC781 /* UMSocialLocalizable.strings */; };
		79F46F241AE132C9000AC781 /* libUMSocial_Sdk_4.2.2.a in Frameworks */ = {isa = PBXBuildFile; fileRef = 79F46F0E1AE132C9000AC781 /* libUMSocial_Sdk_4.2.2.a */; };
		79F46F251AE132C9000AC781 /* UMSCommentDetailController.xib in Resources */ = {isa = PBXBuildFile; fileRef = 79F46F101AE132C9000AC781 /* UMSCommentDetailController.xib */; };
		79F46F261AE132C9000AC781 /* UMSCommentInputController.xib in Resources */ = {isa = PBXBuildFile; fileRef = 79F46F111AE132C9000AC781 /* UMSCommentInputController.xib */; };
		79F46F271AE132C9000AC781 /* UMSCommentInputControlleriPad.xib in Resources */ = {isa = PBXBuildFile; fileRef = 79F46F121AE132C9000AC781 /* UMSCommentInputControlleriPad.xib */; };
		79F46F281AE132C9000AC781 /* UMShareEditViewController.xib in Resources */ = {isa = PBXBuildFile; fileRef = 79F46F131AE132C9000AC781 /* UMShareEditViewController.xib */; };
		79F46F291AE132C9000AC781 /* UMShareEditViewControlleriPad.xib in Resources */ = {isa = PBXBuildFile; fileRef = 79F46F141AE132C9000AC781 /* UMShareEditViewControlleriPad.xib */; };
		79F46F2A1AE132C9000AC781 /* UMSLoginViewController.xib in Resources */ = {isa = PBXBuildFile; fileRef = 79F46F151AE132C9000AC781 /* UMSLoginViewController.xib */; };
		79F46F2B1AE132C9000AC781 /* UMSnsAccountViewController.xib in Resources */ = {isa = PBXBuildFile; fileRef = 79F46F161AE132C9000AC781 /* UMSnsAccountViewController.xib */; };
		79F46F2C1AE132C9000AC781 /* UMSShareListController.xib in Resources */ = {isa = PBXBuildFile; fileRef = 79F46F171AE132C9000AC781 /* UMSShareListController.xib */; };
		79F46F2D1AE132C9000AC781 /* UMSocialSDKResourcesNew.bundle in Resources */ = {isa = PBXBuildFile; fileRef = 79F46F181AE132C9000AC781 /* UMSocialSDKResourcesNew.bundle */; };
		79F46F2E1AE132C9000AC781 /* libSocialWechat.a in Frameworks */ = {isa = PBXBuildFile; fileRef = 79F46F1B1AE132C9000AC781 /* libSocialWechat.a */; };
		79F46F2F1AE132C9000AC781 /* libWeChatSDK.a in Frameworks */ = {isa = PBXBuildFile; fileRef = 79F46F1C1AE132C9000AC781 /* libWeChatSDK.a */; };
		79F46F311AE134E7000AC781 /* libstdc++.dylib in Frameworks */ = {isa = PBXBuildFile; fileRef = 79F46F301AE134E7000AC781 /* libstdc++.dylib */; };
		79F46F371AE1356E000AC781 /* SystemConfiguration.framework in Frameworks */ = {isa = PBXBuildFile; fileRef = 79F46F341AE13545000AC781 /* SystemConfiguration.framework */; };
		79F46F3B1AE1360B000AC781 /* libsqlite3.0.dylib in Frameworks */ = {isa = PBXBuildFile; fileRef = 79F46F3A1AE1360B000AC781 /* libsqlite3.0.dylib */; };
		79F46F3D1AE1364D000AC781 /* libz.dylib in Frameworks */ = {isa = PBXBuildFile; fileRef = 79F46F3C1AE1364D000AC781 /* libz.dylib */; };
/* End PBXBuildFile section */

/* Begin PBXContainerItemProxy section */
		79F46EE81AE10A1B000AC781 /* PBXContainerItemProxy */ = {
			isa = PBXContainerItemProxy;
			containerPortal = 79F46EC61AE10A1B000AC781 /* Project object */;
			proxyType = 1;
			remoteGlobalIDString = 79F46ECD1AE10A1B000AC781;
			remoteInfo = WeChatAndQQLoginDemo;
		};
/* End PBXContainerItemProxy section */

/* Begin PBXFileReference section */
		79F46ECE1AE10A1B000AC781 /* WeChatAndQQLoginDemo.app */ = {isa = PBXFileReference; explicitFileType = wrapper.application; includeInIndex = 0; path = WeChatAndQQLoginDemo.app; sourceTree = BUILT_PRODUCTS_DIR; };
		79F46ED21AE10A1B000AC781 /* Info.plist */ = {isa = PBXFileReference; lastKnownFileType = text.plist.xml; path = Info.plist; sourceTree = "<group>"; };
		79F46ED31AE10A1B000AC781 /* main.m */ = {isa = PBXFileReference; lastKnownFileType = sourcecode.c.objc; path = main.m; sourceTree = "<group>"; };
		79F46ED51AE10A1B000AC781 /* AppDelegate.h */ = {isa = PBXFileReference; lastKnownFileType = sourcecode.c.h; path = AppDelegate.h; sourceTree = "<group>"; };
		79F46ED61AE10A1B000AC781 /* AppDelegate.m */ = {isa = PBXFileReference; lastKnownFileType = sourcecode.c.objc; path = AppDelegate.m; sourceTree = "<group>"; };
		79F46ED81AE10A1B000AC781 /* ViewController.h */ = {isa = PBXFileReference; lastKnownFileType = sourcecode.c.h; path = ViewController.h; sourceTree = "<group>"; };
		79F46ED91AE10A1B000AC781 /* ViewController.m */ = {isa = PBXFileReference; lastKnownFileType = sourcecode.c.objc; path = ViewController.m; sourceTree = "<group>"; };
		79F46EDC1AE10A1B000AC781 /* Base */ = {isa = PBXFileReference; lastKnownFileType = file.storyboard; name = Base; path = Base.lproj/Main.storyboard; sourceTree = "<group>"; };
		79F46EDE1AE10A1B000AC781 /* Images.xcassets */ = {isa = PBXFileReference; lastKnownFileType = folder.assetcatalog; path = Images.xcassets; sourceTree = "<group>"; };
		79F46EE11AE10A1B000AC781 /* Base */ = {isa = PBXFileReference; lastKnownFileType = file.xib; name = Base; path = Base.lproj/LaunchScreen.xib; sourceTree = "<group>"; };
		79F46EE71AE10A1B000AC781 /* WeChatAndQQLoginDemoTests.xctest */ = {isa = PBXFileReference; explicitFileType = wrapper.cfbundle; includeInIndex = 0; path = WeChatAndQQLoginDemoTests.xctest; sourceTree = BUILT_PRODUCTS_DIR; };
		79F46EEC1AE10A1B000AC781 /* Info.plist */ = {isa = PBXFileReference; lastKnownFileType = text.plist.xml; path = Info.plist; sourceTree = "<group>"; };
		79F46EED1AE10A1B000AC781 /* WeChatAndQQLoginDemoTests.m */ = {isa = PBXFileReference; lastKnownFileType = sourcecode.c.objc; path = WeChatAndQQLoginDemoTests.m; sourceTree = "<group>"; };
		79F46EFB1AE132C9000AC781 /* libSocialQQ.a */ = {isa = PBXFileReference; lastKnownFileType = archive.ar; path = libSocialQQ.a; sourceTree = "<group>"; };
		79F46EFC1AE132C9000AC781 /* TencentOpenAPI.framework */ = {isa = PBXFileReference; lastKnownFileType = wrapper.framework; path = TencentOpenAPI.framework; sourceTree = "<group>"; };
		79F46EFD1AE132C9000AC781 /* TencentOpenApi_IOS_Bundle.bundle */ = {isa = PBXFileReference; lastKnownFileType = "wrapper.plug-in"; path = TencentOpenApi_IOS_Bundle.bundle; sourceTree = "<group>"; };
		79F46EFE1AE132C9000AC781 /* UMSocialQQHandler.h */ = {isa = PBXFileReference; fileEncoding = 4; lastKnownFileType = sourcecode.c.h; path = UMSocialQQHandler.h; sourceTree = "<group>"; };
		79F46F011AE132C9000AC781 /* en */ = {isa = PBXFileReference; lastKnownFileType = text.plist.strings; name = en; path = en.lproj/UMSocialLocalizable.strings; sourceTree = "<group>"; };
		79F46F031AE132C9000AC781 /* UMSocial.h */ = {isa = PBXFileReference; fileEncoding = 4; lastKnownFileType = sourcecode.c.h; path = UMSocial.h; sourceTree = "<group>"; };
		79F46F041AE132C9000AC781 /* UMSocialAccountManager.h */ = {isa = PBXFileReference; fileEncoding = 4; lastKnownFileType = sourcecode.c.h; path = UMSocialAccountManager.h; sourceTree = "<group>"; };
		79F46F051AE132C9000AC781 /* UMSocialBar.h */ = {isa = PBXFileReference; fileEncoding = 4; lastKnownFileType = sourcecode.c.h; path = UMSocialBar.h; sourceTree = "<group>"; };
		79F46F061AE132C9000AC781 /* UMSocialConfig.h */ = {isa = PBXFileReference; fileEncoding = 4; lastKnownFileType = sourcecode.c.h; path = UMSocialConfig.h; sourceTree = "<group>"; };
		79F46F071AE132C9000AC781 /* UMSocialControllerService.h */ = {isa = PBXFileReference; fileEncoding = 4; lastKnownFileType = sourcecode.c.h; path = UMSocialControllerService.h; sourceTree = "<group>"; };
		79F46F081AE132C9000AC781 /* UMSocialControllerServiceComment.h */ = {isa = PBXFileReference; fileEncoding = 4; lastKnownFileType = sourcecode.c.h; path = UMSocialControllerServiceComment.h; sourceTree = "<group>"; };
		79F46F091AE132C9000AC781 /* UMSocialData.h */ = {isa = PBXFileReference; fileEncoding = 4; lastKnownFileType = sourcecode.c.h; path = UMSocialData.h; sourceTree = "<group>"; };
		79F46F0A1AE132C9000AC781 /* UMSocialDataService.h */ = {isa = PBXFileReference; fileEncoding = 4; lastKnownFileType = sourcecode.c.h; path = UMSocialDataService.h; sourceTree = "<group>"; };
		79F46F0B1AE132C9000AC781 /* UMSocialSnsData.h */ = {isa = PBXFileReference; fileEncoding = 4; lastKnownFileType = sourcecode.c.h; path = UMSocialSnsData.h; sourceTree = "<group>"; };
		79F46F0C1AE132C9000AC781 /* UMSocialSnsPlatformManager.h */ = {isa = PBXFileReference; fileEncoding = 4; lastKnownFileType = sourcecode.c.h; path = UMSocialSnsPlatformManager.h; sourceTree = "<group>"; };
		79F46F0D1AE132C9000AC781 /* UMSocialSnsService.h */ = {isa = PBXFileReference; fileEncoding = 4; lastKnownFileType = sourcecode.c.h; path = UMSocialSnsService.h; sourceTree = "<group>"; };
		79F46F0E1AE132C9000AC781 /* libUMSocial_Sdk_4.2.2.a */ = {isa = PBXFileReference; lastKnownFileType = archive.ar; path = libUMSocial_Sdk_4.2.2.a; sourceTree = "<group>"; };
		79F46F101AE132C9000AC781 /* UMSCommentDetailController.xib */ = {isa = PBXFileReference; fileEncoding = 4; lastKnownFileType = file.xib; path = UMSCommentDetailController.xib; sourceTree = "<group>"; };
		79F46F111AE132C9000AC781 /* UMSCommentInputController.xib */ = {isa = PBXFileReference; fileEncoding = 4; lastKnownFileType = file.xib; path = UMSCommentInputController.xib; sourceTree = "<group>"; };
		79F46F121AE132C9000AC781 /* UMSCommentInputControlleriPad.xib */ = {isa = PBXFileReference; fileEncoding = 4; lastKnownFileType = file.xib; path = UMSCommentInputControlleriPad.xib; sourceTree = "<group>"; };
		79F46F131AE132C9000AC781 /* UMShareEditViewController.xib */ = {isa = PBXFileReference; fileEncoding = 4; lastKnownFileType = file.xib; path = UMShareEditViewController.xib; sourceTree = "<group>"; };
		79F46F141AE132C9000AC781 /* UMShareEditViewControlleriPad.xib */ = {isa = PBXFileReference; fileEncoding = 4; lastKnownFileType = file.xib; path = UMShareEditViewControlleriPad.xib; sourceTree = "<group>"; };
		79F46F151AE132C9000AC781 /* UMSLoginViewController.xib */ = {isa = PBXFileReference; fileEncoding = 4; lastKnownFileType = file.xib; path = UMSLoginViewController.xib; sourceTree = "<group>"; };
		79F46F161AE132C9000AC781 /* UMSnsAccountViewController.xib */ = {isa = PBXFileReference; fileEncoding = 4; lastKnownFileType = file.xib; path = UMSnsAccountViewController.xib; sourceTree = "<group>"; };
		79F46F171AE132C9000AC781 /* UMSShareListController.xib */ = {isa = PBXFileReference; fileEncoding = 4; lastKnownFileType = file.xib; path = UMSShareListController.xib; sourceTree = "<group>"; };
		79F46F181AE132C9000AC781 /* UMSocialSDKResourcesNew.bundle */ = {isa = PBXFileReference; lastKnownFileType = "wrapper.plug-in"; path = UMSocialSDKResourcesNew.bundle; sourceTree = "<group>"; };
		79F46F191AE132C9000AC781 /* zh-Hans */ = {isa = PBXFileReference; lastKnownFileType = text.plist.strings; name = "zh-Hans"; path = "zh-Hans.lproj/UMSocialLocalizable.strings"; sourceTree = "<group>"; };
		79F46F1B1AE132C9000AC781 /* libSocialWechat.a */ = {isa = PBXFileReference; lastKnownFileType = archive.ar; path = libSocialWechat.a; sourceTree = "<group>"; };
		79F46F1C1AE132C9000AC781 /* libWeChatSDK.a */ = {isa = PBXFileReference; lastKnownFileType = archive.ar; path = libWeChatSDK.a; sourceTree = "<group>"; };
		79F46F1D1AE132C9000AC781 /* UMSocialWechatHandler.h */ = {isa = PBXFileReference; fileEncoding = 4; lastKnownFileType = sourcecode.c.h; path = UMSocialWechatHandler.h; sourceTree = "<group>"; };
		79F46F1E1AE132C9000AC781 /* WXApi.h */ = {isa = PBXFileReference; fileEncoding = 4; lastKnownFileType = sourcecode.c.h; path = WXApi.h; sourceTree = "<group>"; };
		79F46F1F1AE132C9000AC781 /* WXApiObject.h */ = {isa = PBXFileReference; fileEncoding = 4; lastKnownFileType = sourcecode.c.h; path = WXApiObject.h; sourceTree = "<group>"; };
		79F46F301AE134E7000AC781 /* libstdc++.dylib */ = {isa = PBXFileReference; lastKnownFileType = "compiled.mach-o.dylib"; name = "libstdc++.dylib"; path = "usr/lib/libstdc++.dylib"; sourceTree = SDKROOT; };
		79F46F341AE13545000AC781 /* SystemConfiguration.framework */ = {isa = PBXFileReference; lastKnownFileType = wrapper.framework; name = SystemConfiguration.framework; path = System/Library/Frameworks/SystemConfiguration.framework; sourceTree = SDKROOT; };
		79F46F3A1AE1360B000AC781 /* libsqlite3.0.dylib */ = {isa = PBXFileReference; lastKnownFileType = "compiled.mach-o.dylib"; name = libsqlite3.0.dylib; path = usr/lib/libsqlite3.0.dylib; sourceTree = SDKROOT; };
		79F46F3C1AE1364D000AC781 /* libz.dylib */ = {isa = PBXFileReference; lastKnownFileType = "compiled.mach-o.dylib"; name = libz.dylib; path = usr/lib/libz.dylib; sourceTree = SDKROOT; };
/* End PBXFileReference section */

/* Begin PBXFrameworksBuildPhase section */
		79F46ECB1AE10A1B000AC781 /* Frameworks */ = {
			isa = PBXFrameworksBuildPhase;
			buildActionMask = 2147483647;
			files = (
				79F46F3D1AE1364D000AC781 /* libz.dylib in Frameworks */,
				79F46F3B1AE1360B000AC781 /* libsqlite3.0.dylib in Frameworks */,
				79F46F311AE134E7000AC781 /* libstdc++.dylib in Frameworks */,
				79F46F371AE1356E000AC781 /* SystemConfiguration.framework in Frameworks */,
				79F46F241AE132C9000AC781 /* libUMSocial_Sdk_4.2.2.a in Frameworks */,
				79F46F201AE132C9000AC781 /* libSocialQQ.a in Frameworks */,
				79F46F2E1AE132C9000AC781 /* libSocialWechat.a in Frameworks */,
				79F46F211AE132C9000AC781 /* TencentOpenAPI.framework in Frameworks */,
				79F46F2F1AE132C9000AC781 /* libWeChatSDK.a in Frameworks */,
			);
			runOnlyForDeploymentPostprocessing = 0;
		};
		79F46EE41AE10A1B000AC781 /* Frameworks */ = {
			isa = PBXFrameworksBuildPhase;
			buildActionMask = 2147483647;
			files = (
			);
			runOnlyForDeploymentPostprocessing = 0;
		};
/* End PBXFrameworksBuildPhase section */

/* Begin PBXGroup section */
		79F46EC51AE10A1B000AC781 = {
			isa = PBXGroup;
			children = (
				79F46ED01AE10A1B000AC781 /* WeChatAndQQLoginDemo */,
				79F46EEA1AE10A1B000AC781 /* WeChatAndQQLoginDemoTests */,
				79F46ECF1AE10A1B000AC781 /* Products */,
			);
			sourceTree = "<group>";
		};
		79F46ECF1AE10A1B000AC781 /* Products */ = {
			isa = PBXGroup;
			children = (
				79F46ECE1AE10A1B000AC781 /* WeChatAndQQLoginDemo.app */,
				79F46EE71AE10A1B000AC781 /* WeChatAndQQLoginDemoTests.xctest */,
			);
			name = Products;
			sourceTree = "<group>";
		};
		79F46ED01AE10A1B000AC781 /* WeChatAndQQLoginDemo */ = {
			isa = PBXGroup;
			children = (
				79F46ED51AE10A1B000AC781 /* AppDelegate.h */,
				79F46ED61AE10A1B000AC781 /* AppDelegate.m */,
				79F46ED81AE10A1B000AC781 /* ViewController.h */,
				79F46ED91AE10A1B000AC781 /* ViewController.m */,
				79F46EDB1AE10A1B000AC781 /* Main.storyboard */,
				79F46EDE1AE10A1B000AC781 /* Images.xcassets */,
				79F46EE01AE10A1B000AC781 /* LaunchScreen.xib */,
				79F46EF81AE132C9000AC781 /* Frameworks */,
				79F46ED11AE10A1B000AC781 /* Supporting Files */,
			);
			path = WeChatAndQQLoginDemo;
			sourceTree = "<group>";
		};
		79F46ED11AE10A1B000AC781 /* Supporting Files */ = {
			isa = PBXGroup;
			children = (
				79F46ED21AE10A1B000AC781 /* Info.plist */,
				79F46ED31AE10A1B000AC781 /* main.m */,
			);
			name = "Supporting Files";
			sourceTree = "<group>";
		};
		79F46EEA1AE10A1B000AC781 /* WeChatAndQQLoginDemoTests */ = {
			isa = PBXGroup;
			children = (
				79F46EED1AE10A1B000AC781 /* WeChatAndQQLoginDemoTests.m */,
				79F46EEB1AE10A1B000AC781 /* Supporting Files */,
			);
			path = WeChatAndQQLoginDemoTests;
			sourceTree = "<group>";
		};
		79F46EEB1AE10A1B000AC781 /* Supporting Files */ = {
			isa = PBXGroup;
			children = (
				79F46EEC1AE10A1B000AC781 /* Info.plist */,
			);
			name = "Supporting Files";
			sourceTree = "<group>";
		};
		79F46EF81AE132C9000AC781 /* Frameworks */ = {
			isa = PBXGroup;
			children = (
				79F46EF91AE132C9000AC781 /* Other */,
				79F46EFA1AE132C9000AC781 /* TencentOpenAPI */,
				79F46EFF1AE132C9000AC781 /* UMSocial_Sdk_4.2.2 */,
				79F46F1A1AE132C9000AC781 /* Wechat */,
			);
			path = Frameworks;
			sourceTree = "<group>";
		};
		79F46EF91AE132C9000AC781 /* Other */ = {
			isa = PBXGroup;
			children = (
				79F46F3C1AE1364D000AC781 /* libz.dylib */,
				79F46F3A1AE1360B000AC781 /* libsqlite3.0.dylib */,
				79F46F341AE13545000AC781 /* SystemConfiguration.framework */,
				79F46F301AE134E7000AC781 /* libstdc++.dylib */,
			);
			path = Other;
			sourceTree = "<group>";
		};
		79F46EFA1AE132C9000AC781 /* TencentOpenAPI */ = {
			isa = PBXGroup;
			children = (
				79F46EFB1AE132C9000AC781 /* libSocialQQ.a */,
				79F46EFC1AE132C9000AC781 /* TencentOpenAPI.framework */,
				79F46EFD1AE132C9000AC781 /* TencentOpenApi_IOS_Bundle.bundle */,
				79F46EFE1AE132C9000AC781 /* UMSocialQQHandler.h */,
			);
			path = TencentOpenAPI;
			sourceTree = "<group>";
		};
		79F46EFF1AE132C9000AC781 /* UMSocial_Sdk_4.2.2 */ = {
			isa = PBXGroup;
			children = (
				79F46F001AE132C9000AC781 /* UMSocialLocalizable.strings */,
				79F46F021AE132C9000AC781 /* Header */,
				79F46F0E1AE132C9000AC781 /* libUMSocial_Sdk_4.2.2.a */,
				79F46F0F1AE132C9000AC781 /* SocialSDKXib */,
				79F46F181AE132C9000AC781 /* UMSocialSDKResourcesNew.bundle */,
			);
			path = UMSocial_Sdk_4.2.2;
			sourceTree = "<group>";
		};
		79F46F021AE132C9000AC781 /* Header */ = {
			isa = PBXGroup;
			children = (
				79F46F031AE132C9000AC781 /* UMSocial.h */,
				79F46F041AE132C9000AC781 /* UMSocialAccountManager.h */,
				79F46F051AE132C9000AC781 /* UMSocialBar.h */,
				79F46F061AE132C9000AC781 /* UMSocialConfig.h */,
				79F46F071AE132C9000AC781 /* UMSocialControllerService.h */,
				79F46F081AE132C9000AC781 /* UMSocialControllerServiceComment.h */,
				79F46F091AE132C9000AC781 /* UMSocialData.h */,
				79F46F0A1AE132C9000AC781 /* UMSocialDataService.h */,
				79F46F0B1AE132C9000AC781 /* UMSocialSnsData.h */,
				79F46F0C1AE132C9000AC781 /* UMSocialSnsPlatformManager.h */,
				79F46F0D1AE132C9000AC781 /* UMSocialSnsService.h */,
			);
			path = Header;
			sourceTree = "<group>";
		};
		79F46F0F1AE132C9000AC781 /* SocialSDKXib */ = {
			isa = PBXGroup;
			children = (
				79F46F101AE132C9000AC781 /* UMSCommentDetailController.xib */,
				79F46F111AE132C9000AC781 /* UMSCommentInputController.xib */,
				79F46F121AE132C9000AC781 /* UMSCommentInputControlleriPad.xib */,
				79F46F131AE132C9000AC781 /* UMShareEditViewController.xib */,
				79F46F141AE132C9000AC781 /* UMShareEditViewControlleriPad.xib */,
				79F46F151AE132C9000AC781 /* UMSLoginViewController.xib */,
				79F46F161AE132C9000AC781 /* UMSnsAccountViewController.xib */,
				79F46F171AE132C9000AC781 /* UMSShareListController.xib */,
			);
			path = SocialSDKXib;
			sourceTree = "<group>";
		};
		79F46F1A1AE132C9000AC781 /* Wechat */ = {
			isa = PBXGroup;
			children = (
				79F46F1B1AE132C9000AC781 /* libSocialWechat.a */,
				79F46F1C1AE132C9000AC781 /* libWeChatSDK.a */,
				79F46F1D1AE132C9000AC781 /* UMSocialWechatHandler.h */,
				79F46F1E1AE132C9000AC781 /* WXApi.h */,
				79F46F1F1AE132C9000AC781 /* WXApiObject.h */,
			);
			path = Wechat;
			sourceTree = "<group>";
		};
/* End PBXGroup section */

/* Begin PBXNativeTarget section */
		79F46ECD1AE10A1B000AC781 /* WeChatAndQQLoginDemo */ = {
			isa = PBXNativeTarget;
			buildConfigurationList = 79F46EF11AE10A1B000AC781 /* Build configuration list for PBXNativeTarget "WeChatAndQQLoginDemo" */;
			buildPhases = (
				79F46ECA1AE10A1B000AC781 /* Sources */,
				79F46ECB1AE10A1B000AC781 /* Frameworks */,
				79F46ECC1AE10A1B000AC781 /* Resources */,
			);
			buildRules = (
			);
			dependencies = (
			);
			name = WeChatAndQQLoginDemo;
			productName = WeChatAndQQLoginDemo;
			productReference = 79F46ECE1AE10A1B000AC781 /* WeChatAndQQLoginDemo.app */;
			productType = "com.apple.product-type.application";
		};
		79F46EE61AE10A1B000AC781 /* WeChatAndQQLoginDemoTests */ = {
			isa = PBXNativeTarget;
			buildConfigurationList = 79F46EF41AE10A1B000AC781 /* Build configuration list for PBXNativeTarget "WeChatAndQQLoginDemoTests" */;
			buildPhases = (
				79F46EE31AE10A1B000AC781 /* Sources */,
				79F46EE41AE10A1B000AC781 /* Frameworks */,
				79F46EE51AE10A1B000AC781 /* Resources */,
			);
			buildRules = (
			);
			dependencies = (
				79F46EE91AE10A1B000AC781 /* PBXTargetDependency */,
			);
			name = WeChatAndQQLoginDemoTests;
			productName = WeChatAndQQLoginDemoTests;
			productReference = 79F46EE71AE10A1B000AC781 /* WeChatAndQQLoginDemoTests.xctest */;
			productType = "com.apple.product-type.bundle.unit-test";
		};
/* End PBXNativeTarget section */

/* Begin PBXProject section */
		79F46EC61AE10A1B000AC781 /* Project object */ = {
			isa = PBXProject;
			attributes = {
				LastUpgradeCheck = 0630;
				ORGANIZATIONNAME = TTC;
				TargetAttributes = {
					79F46ECD1AE10A1B000AC781 = {
						CreatedOnToolsVersion = 6.3;
						DevelopmentTeam = 7DYNT936FT;
					};
					79F46EE61AE10A1B000AC781 = {
						CreatedOnToolsVersion = 6.3;
						TestTargetID = 79F46ECD1AE10A1B000AC781;
					};
				};
			};
			buildConfigurationList = 79F46EC91AE10A1B000AC781 /* Build configuration list for PBXProject "WeChatAndQQLoginDemo" */;
			compatibilityVersion = "Xcode 3.2";
			developmentRegion = English;
			hasScannedForEncodings = 0;
			knownRegions = (
				en,
				Base,
				"zh-Hans",
			);
			mainGroup = 79F46EC51AE10A1B000AC781;
			productRefGroup = 79F46ECF1AE10A1B000AC781 /* Products */;
			projectDirPath = "";
			projectRoot = "";
			targets = (
				79F46ECD1AE10A1B000AC781 /* WeChatAndQQLoginDemo */,
				79F46EE61AE10A1B000AC781 /* WeChatAndQQLoginDemoTests */,
			);
		};
/* End PBXProject section */

/* Begin PBXResourcesBuildPhase section */
		79F46ECC1AE10A1B000AC781 /* Resources */ = {
			isa = PBXResourcesBuildPhase;
			buildActionMask = 2147483647;
			files = (
				79F46F291AE132C9000AC781 /* UMShareEditViewControlleriPad.xib in Resources */,
				79F46F2B1AE132C9000AC781 /* UMSnsAccountViewController.xib in Resources */,
				79F46F261AE132C9000AC781 /* UMSCommentInputController.xib in Resources */,
				79F46F251AE132C9000AC781 /* UMSCommentDetailController.xib in Resources */,
				79F46F221AE132C9000AC781 /* TencentOpenApi_IOS_Bundle.bundle in Resources */,
				79F46EDD1AE10A1B000AC781 /* Main.storyboard in Resources */,
				79F46F2D1AE132C9000AC781 /* UMSocialSDKResourcesNew.bundle in Resources */,
				79F46F271AE132C9000AC781 /* UMSCommentInputControlleriPad.xib in Resources */,
				79F46F281AE132C9000AC781 /* UMShareEditViewController.xib in Resources */,
				79F46F2C1AE132C9000AC781 /* UMSShareListController.xib in Resources */,
				79F46F231AE132C9000AC781 /* UMSocialLocalizable.strings in Resources */,
				79F46EE21AE10A1B000AC781 /* LaunchScreen.xib in Resources */,
				79F46EDF1AE10A1B000AC781 /* Images.xcassets in Resources */,
				79F46F2A1AE132C9000AC781 /* UMSLoginViewController.xib in Resources */,
			);
			runOnlyForDeploymentPostprocessing = 0;
		};
		79F46EE51AE10A1B000AC781 /* Resources */ = {
			isa = PBXResourcesBuildPhase;
			buildActionMask = 2147483647;
			files = (
			);
			runOnlyForDeploymentPostprocessing = 0;
		};
/* End PBXResourcesBuildPhase section */

/* Begin PBXSourcesBuildPhase section */
		79F46ECA1AE10A1B000AC781 /* Sources */ = {
			isa = PBXSourcesBuildPhase;
			buildActionMask = 2147483647;
			files = (
				79F46EDA1AE10A1B000AC781 /* ViewController.m in Sources */,
				79F46ED71AE10A1B000AC781 /* AppDelegate.m in Sources */,
				79F46ED41AE10A1B000AC781 /* main.m in Sources */,
			);
			runOnlyForDeploymentPostprocessing = 0;
		};
		79F46EE31AE10A1B000AC781 /* Sources */ = {
			isa = PBXSourcesBuildPhase;
			buildActionMask = 2147483647;
			files = (
				79F46EEE1AE10A1B000AC781 /* WeChatAndQQLoginDemoTests.m in Sources */,
			);
			runOnlyForDeploymentPostprocessing = 0;
		};
/* End PBXSourcesBuildPhase section */

/* Begin PBXTargetDependency section */
		79F46EE91AE10A1B000AC781 /* PBXTargetDependency */ = {
			isa = PBXTargetDependency;
			target = 79F46ECD1AE10A1B000AC781 /* WeChatAndQQLoginDemo */;
			targetProxy = 79F46EE81AE10A1B000AC781 /* PBXContainerItemProxy */;
		};
/* End PBXTargetDependency section */

/* Begin PBXVariantGroup section */
		79F46EDB1AE10A1B000AC781 /* Main.storyboard */ = {
			isa = PBXVariantGroup;
			children = (
				79F46EDC1AE10A1B000AC781 /* Base */,
			);
			name = Main.storyboard;
			sourceTree = "<group>";
		};
		79F46EE01AE10A1B000AC781 /* LaunchScreen.xib */ = {
			isa = PBXVariantGroup;
			children = (
				79F46EE11AE10A1B000AC781 /* Base */,
			);
			name = LaunchScreen.xib;
			sourceTree = "<group>";
		};
		79F46F001AE132C9000AC781 /* UMSocialLocalizable.strings */ = {
			isa = PBXVariantGroup;
			children = (
				79F46F011AE132C9000AC781 /* en */,
				79F46F191AE132C9000AC781 /* zh-Hans */,
			);
			name = UMSocialLocalizable.strings;
			sourceTree = "<group>";
		};
/* End PBXVariantGroup section */

/* Begin XCBuildConfiguration section */
		79F46EEF1AE10A1B000AC781 /* Debug */ = {
			isa = XCBuildConfiguration;
			buildSettings = {
				ALWAYS_SEARCH_USER_PATHS = NO;
				CLANG_CXX_LANGUAGE_STANDARD = "gnu++0x";
				CLANG_CXX_LIBRARY = "libc++";
				CLANG_ENABLE_MODULES = YES;
				CLANG_ENABLE_OBJC_ARC = YES;
				CLANG_WARN_BOOL_CONVERSION = YES;
				CLANG_WARN_CONSTANT_CONVERSION = YES;
				CLANG_WARN_DIRECT_OBJC_ISA_USAGE = YES_ERROR;
				CLANG_WARN_EMPTY_BODY = YES;
				CLANG_WARN_ENUM_CONVERSION = YES;
				CLANG_WARN_INT_CONVERSION = YES;
				CLANG_WARN_OBJC_ROOT_CLASS = YES_ERROR;
				CLANG_WARN_UNREACHABLE_CODE = YES;
				CLANG_WARN__DUPLICATE_METHOD_MATCH = YES;
				"CODE_SIGN_IDENTITY[sdk=iphoneos*]" = "iPhone Developer";
				COPY_PHASE_STRIP = NO;
				DEBUG_INFORMATION_FORMAT = "dwarf-with-dsym";
				ENABLE_STRICT_OBJC_MSGSEND = YES;
				GCC_C_LANGUAGE_STANDARD = gnu99;
				GCC_DYNAMIC_NO_PIC = NO;
				GCC_NO_COMMON_BLOCKS = YES;
				GCC_OPTIMIZATION_LEVEL = 0;
				GCC_PREPROCESSOR_DEFINITIONS = (
					"DEBUG=1",
					"$(inherited)",
				);
				GCC_SYMBOLS_PRIVATE_EXTERN = NO;
				GCC_WARN_64_TO_32_BIT_CONVERSION = YES;
				GCC_WARN_ABOUT_RETURN_TYPE = YES_ERROR;
				GCC_WARN_UNDECLARED_SELECTOR = YES;
				GCC_WARN_UNINITIALIZED_AUTOS = YES_AGGRESSIVE;
				GCC_WARN_UNUSED_FUNCTION = YES;
				GCC_WARN_UNUSED_VARIABLE = YES;
				IPHONEOS_DEPLOYMENT_TARGET = 8.3;
				MTL_ENABLE_DEBUG_INFO = YES;
				ONLY_ACTIVE_ARCH = YES;
				SDKROOT = iphoneos;
			};
			name = Debug;
		};
		79F46EF01AE10A1B000AC781 /* Release */ = {
			isa = XCBuildConfiguration;
			buildSettings = {
				ALWAYS_SEARCH_USER_PATHS = NO;
				CLANG_CXX_LANGUAGE_STANDARD = "gnu++0x";
				CLANG_CXX_LIBRARY = "libc++";
				CLANG_ENABLE_MODULES = YES;
				CLANG_ENABLE_OBJC_ARC = YES;
				CLANG_WARN_BOOL_CONVERSION = YES;
				CLANG_WARN_CONSTANT_CONVERSION = YES;
				CLANG_WARN_DIRECT_OBJC_ISA_USAGE = YES_ERROR;
				CLANG_WARN_EMPTY_BODY = YES;
				CLANG_WARN_ENUM_CONVERSION = YES;
				CLANG_WARN_INT_CONVERSION = YES;
				CLANG_WARN_OBJC_ROOT_CLASS = YES_ERROR;
				CLANG_WARN_UNREACHABLE_CODE = YES;
				CLANG_WARN__DUPLICATE_METHOD_MATCH = YES;
				"CODE_SIGN_IDENTITY[sdk=iphoneos*]" = "iPhone Developer";
				COPY_PHASE_STRIP = NO;
				DEBUG_INFORMATION_FORMAT = "dwarf-with-dsym";
				ENABLE_NS_ASSERTIONS = NO;
				ENABLE_STRICT_OBJC_MSGSEND = YES;
				GCC_C_LANGUAGE_STANDARD = gnu99;
				GCC_NO_COMMON_BLOCKS = YES;
				GCC_WARN_64_TO_32_BIT_CONVERSION = YES;
				GCC_WARN_ABOUT_RETURN_TYPE = YES_ERROR;
				GCC_WARN_UNDECLARED_SELECTOR = YES;
				GCC_WARN_UNINITIALIZED_AUTOS = YES_AGGRESSIVE;
				GCC_WARN_UNUSED_FUNCTION = YES;
				GCC_WARN_UNUSED_VARIABLE = YES;
				IPHONEOS_DEPLOYMENT_TARGET = 8.3;
				MTL_ENABLE_DEBUG_INFO = NO;
				SDKROOT = iphoneos;
				VALIDATE_PRODUCT = YES;
			};
			name = Release;
		};
		79F46EF21AE10A1B000AC781 /* Debug */ = {
			isa = XCBuildConfiguration;
			buildSettings = {
				ASSETCATALOG_COMPILER_APPICON_NAME = AppIcon;
				CODE_SIGN_IDENTITY = "iPhone Developer";
				FRAMEWORK_SEARCH_PATHS = (
					"$(inherited)",
					"$(PROJECT_DIR)/WeChatAndQQLoginDemo/Frameworks/TencentOpenAPI",
				);
				INFOPLIST_FILE = WeChatAndQQLoginDemo/Info.plist;
				LD_RUNPATH_SEARCH_PATHS = "$(inherited) @executable_path/Frameworks";
				LIBRARY_SEARCH_PATHS = (
					"$(inherited)",
					"$(PROJECT_DIR)/WeChatAndQQLoginDemo/Frameworks/TencentOpenAPI",
					"$(PROJECT_DIR)/WeChatAndQQLoginDemo/Frameworks/UMSocial_Sdk_4.2.2",
					"$(PROJECT_DIR)/WeChatAndQQLoginDemo/Frameworks/Wechat",
				);
				PRODUCT_NAME = "$(TARGET_NAME)";
			};
			name = Debug;
		};
		79F46EF31AE10A1B000AC781 /* Release */ = {
			isa = XCBuildConfiguration;
			buildSettings = {
				ASSETCATALOG_COMPILER_APPICON_NAME = AppIcon;
				CODE_SIGN_IDENTITY = "iPhone Developer";
				FRAMEWORK_SEARCH_PATHS = (
					"$(inherited)",
					"$(PROJECT_DIR)/WeChatAndQQLoginDemo/Frameworks/TencentOpenAPI",
				);
				INFOPLIST_FILE = WeChatAndQQLoginDemo/Info.plist;
				LD_RUNPATH_SEARCH_PATHS = "$(inherited) @executable_path/Frameworks";
				LIBRARY_SEARCH_PATHS = (
					"$(inherited)",
					"$(PROJECT_DIR)/WeChatAndQQLoginDemo/Frameworks/TencentOpenAPI",
					"$(PROJECT_DIR)/WeChatAndQQLoginDemo/Frameworks/UMSocial_Sdk_4.2.2",
					"$(PROJECT_DIR)/WeChatAndQQLoginDemo/Frameworks/Wechat",
				);
				PRODUCT_NAME = "$(TARGET_NAME)";
			};
			name = Release;
		};
		79F46EF51AE10A1B000AC781 /* Debug */ = {
			isa = XCBuildConfiguration;
			buildSettings = {
				BUNDLE_LOADER = "$(TEST_HOST)";
				FRAMEWORK_SEARCH_PATHS = (
					"$(SDKROOT)/Developer/Library/Frameworks",
					"$(inherited)",
				);
				GCC_PREPROCESSOR_DEFINITIONS = (
					"DEBUG=1",
					"$(inherited)",
				);
				INFOPLIST_FILE = WeChatAndQQLoginDemoTests/Info.plist;
				LD_RUNPATH_SEARCH_PATHS = "$(inherited) @executable_path/Frameworks @loader_path/Frameworks";
				PRODUCT_NAME = "$(TARGET_NAME)";
				TEST_HOST = "$(BUILT_PRODUCTS_DIR)/WeChatAndQQLoginDemo.app/WeChatAndQQLoginDemo";
			};
			name = Debug;
		};
		79F46EF61AE10A1B000AC781 /* Release */ = {
			isa = XCBuildConfiguration;
			buildSettings = {
				BUNDLE_LOADER = "$(TEST_HOST)";
				FRAMEWORK_SEARCH_PATHS = (
					"$(SDKROOT)/Developer/Library/Frameworks",
					"$(inherited)",
				);
				INFOPLIST_FILE = WeChatAndQQLoginDemoTests/Info.plist;
				LD_RUNPATH_SEARCH_PATHS = "$(inherited) @executable_path/Frameworks @loader_path/Frameworks";
				PRODUCT_NAME = "$(TARGET_NAME)";
				TEST_HOST = "$(BUILT_PRODUCTS_DIR)/WeChatAndQQLoginDemo.app/WeChatAndQQLoginDemo";
			};
			name = Release;
		};
/* End XCBuildConfiguration section */

/* Begin XCConfigurationList section */
		79F46EC91AE10A1B000AC781 /* Build configuration list for PBXProject "WeChatAndQQLoginDemo" */ = {
			isa = XCConfigurationList;
			buildConfigurations = (
				79F46EEF1AE10A1B000AC781 /* Debug */,
				79F46EF01AE10A1B000AC781 /* Release */,
			);
			defaultConfigurationIsVisible = 0;
			defaultConfigurationName = Release;
		};
		79F46EF11AE10A1B000AC781 /* Build configuration list for PBXNativeTarget "WeChatAndQQLoginDemo" */ = {
			isa = XCConfigurationList;
			buildConfigurations = (
				79F46EF21AE10A1B000AC781 /* Debug */,
				79F46EF31AE10A1B000AC781 /* Release */,
			);
			defaultConfigurationIsVisible = 0;
		};
		79F46EF41AE10A1B000AC781 /* Build configuration list for PBXNativeTarget "WeChatAndQQLoginDemoTests" */ = {
			isa = XCConfigurationList;
			buildConfigurations = (
				79F46EF51AE10A1B000AC781 /* Debug */,
				79F46EF61AE10A1B000AC781 /* Release */,
			);
			defaultConfigurationIsVisible = 0;
		};
/* End XCConfigurationList section */
	};
	rootObject = 79F46EC61AE10A1B000AC781 /* Project object */;
}
